# THIS IS AN AUTOGENERATED FILE. DO NOT EDIT THIS FILE DIRECTLY.
# yarn lockfile v1


"@jsr/std__assert@^0.217.0":
  version "0.217.0"
  resolved "https://npm.jsr.io/~/4/@jsr/std__assert/0.217.0.tgz#F5DF7BE933E61B676641B5672DB5F0C0593F7474"
  integrity sha512-p7Cl+h8u34IZiqmg0v3037yBWXtGiAsPLUHxMSyijaGcwdsqknFkdF/utX596BFfI62eOP0flVIHJWlYq4CegA==
  dependencies:
    "@jsr/std__fmt" "^0.217.0"

"@jsr/std__crypto@0.217":
  version "0.217.0"
  resolved "https://npm.jsr.io/~/4/@jsr/std__crypto/0.217.0.tgz#7F17B29C4ACEB659D8DF3DAEC209E79DB516AFC6"
  integrity sha512-ci56Jr2rkcNujOPBVPRYLrjwBnwyZc/d1c9H1eICE4b227WXhew2+KqOEE0VNDhw6skwyCjbmKyvH91gmp4YFQ==
  dependencies:
    "@jsr/std__assert" "^0.217.0"
    "@jsr/std__encoding" "^0.217.0"

"@jsr/std__encoding@0.217", "@jsr/std__encoding@^0.217.0":
  version "0.217.0"
  resolved "https://npm.jsr.io/~/4/@jsr/std__encoding/0.217.0.tgz#0B036178FA8D5785A84AAAD7E75E949EBB532EBB"
  integrity sha512-N0XnvUvBlVFBnhtlrRwjAPhVOBR189S+82LqZCFkALhUZH2/NuweV6dFaAZ0vB0sOAN/itk1Pv1J54LpvafsEQ==

"@jsr/std__fmt@^0.217.0":
  version "0.217.0"
  resolved "https://npm.jsr.io/~/4/@jsr/std__fmt/0.217.0.tgz#E69EAD024FB5227EED82FCC0C774390B4EB97ED7"
  integrity sha512-SGBeObyZYGJles31Bd+OIx/kcX4boe+aTVZIIuv7+KaLcflZHJoEo+djGDEkqOWGssZq7/5cvkv56c66BG0PPQ==

"@simple/pbkdf2@npm:@jsr/simple__pbkdf2@^0.0.2":
  version "0.0.2"
  resolved "https://npm.jsr.io/~/4/@jsr/simple__pbkdf2/0.0.2.tgz#3EE94BA88B3B5E231D99B655D9713CAA04F6A9CF"
  integrity sha512-YBCSOLPxokOAjzDgfYRDjuCLTa2veBtB/9dVmJAxx/Frkgy07Ud/+bZLboyOvshCWeJUBLaByQypsM0qfIcYjw==
  dependencies:
    "@jsr/std__crypto" "0.217"
    "@jsr/std__encoding" "0.217"
